
Microsoft Visual Studio Solution File, Format Version 12.00
# Visual Studio Version 16
VisualStudioVersion = 16.0.31005.135
MinimumVisualStudioVersion = 10.0.40219.1
Project("{FAE04EC0-301F-11D3-BF4B-00C04F79EFBC}") = "DynamicContactList", "DynamicContactList\DynamicContactList.csproj", "{3ECE8111-91AE-41D5-873F-CA314273B879}"
EndProject
Global
	GlobalSection(SolutionConfigurationPlatforms) = preSolution
		Debug|Any CPU = Debug|Any CPU
		Release|Any CPU = Release|Any CPU
	EndGlobalSection
	GlobalSection(ProjectConfigurationPlatforms) = postSolution
		{3ECE8111-91AE-41D5-873F-CA314273B879}.Debug|Any CPU.ActiveCfg = Debug|Any CPU
		{3ECE8111-91AE-41D5-873F-CA314273B879}.Debug|Any CPU.Build.0 = Debug|Any CPU
		{3ECE8111-91AE-41D5-873F-CA314273B879}.Release|Any CPU.ActiveCfg = Release|Any CPU
		{3ECE8111-91AE-41D5-873F-CA314273B879}.Release|Any CPU.Build.0 = Release|Any CPU
	EndGlobalSection
	GlobalSection(SolutionProperties) = preSolution
		HideSolutionNode = FALSE
	EndGlobalSection
	GlobalSection(ExtensibilityGlobals) = postSolution
		SolutionGuid = {240A3B14-A124-4AFD-A7DD-A42FDEFB73A6}
	EndGlobalSection
EndGlobal
